
Microsoft Visual Studio Solution File, Format Version 12.00
# Visual Studio Version 17
VisualStudioVersion = 17.7.34009.444
MinimumVisualStudioVersion = 10.0.40219.1
Project("{FAE04EC0-301F-11D3-BF4B-00C04F79EFBC}") = "AzureMVC", "AzureMVC.csproj", "{19A024C0-8D65-40CC-853A-8CAB126BF6B4}"
EndProject
Global
	GlobalSection(SolutionConfigurationPlatforms) = preSolution
		Debug|Any CPU = Debug|Any CPU
		Release|Any CPU = Release|Any CPU
	EndGlobalSection
	GlobalSection(ProjectConfigurationPlatforms) = postSolution
		{19A024C0-8D65-40CC-853A-8CAB126BF6B4}.Debug|Any CPU.ActiveCfg = Debug|Any CPU
		{19A024C0-8D65-40CC-853A-8CAB126BF6B4}.Debug|Any CPU.Build.0 = Debug|Any CPU
		{19A024C0-8D65-40CC-853A-8CAB126BF6B4}.Release|Any CPU.ActiveCfg = Release|Any CPU
		{19A024C0-8D65-40CC-853A-8CAB126BF6B4}.Release|Any CPU.Build.0 = Release|Any CPU
	EndGlobalSection
	GlobalSection(SolutionProperties) = preSolution
		HideSolutionNode = FALSE
	EndGlobalSection
	GlobalSection(ExtensibilityGlobals) = postSolution
		SolutionGuid = {0FD15E08-181B-49AF-A725-71D028D51E85}
	EndGlobalSection
EndGlobal
